{
  "name": "renanbitencourt.github.io",
  "version": "1.0.0",
  "lockfileVersion": 1,
  "requires": true,
  "dependencies": {
    "animate.css": {
      "version": "3.7.2",
      "resolved": "https://registry.npmjs.org/animate.css/-/animate.css-3.7.2.tgz",
      "integrity": "sha512-0bE8zYo7C0KvgOYrSVfrzkbYk6IOTVPNqkiHg2cbyF4Pq/PXzilz4BRWA3hwEUBoMp5VBgrC29lQIZyhRWdBTw=="
    },
    "mdbootstrap": {
      "version": "4.16.0",
      "resolved": "https://registry.npmjs.org/mdbootstrap/-/mdbootstrap-4.16.0.tgz",
      "integrity": "sha512-HtCfcu6bGxJ3UOofuasaKGHfMKSX0D6+I23QAOmyiFjfdwzJEYW13yRvx2Jzc9aSkc+YXwlp8jTl3PQfcSYtGg=="
    }
  }
}
